// !$*UTF8*$!
{
	archiveVersion = 1;
	classes = {
	};
	objectVersion = 56;
	objects = {

/* Begin PBXBuildFile section */
		2A10108F2AF4FD390005DEE7 /* NSObject+.swift in Sources */ = {isa = PBXBuildFile; fileRef = 2A10108E2AF4FD390005DEE7 /* NSObject+.swift */; };
		2A1010962AF534400005DEE7 /* FooterCollectionReusableView.swift in Sources */ = {isa = PBXBuildFile; fileRef = 2A1010932AF534400005DEE7 /* FooterCollectionReusableView.swift */; };
		2A1010972AF534400005DEE7 /* MainWeatherCollectionViewCell.swift in Sources */ = {isa = PBXBuildFile; fileRef = 2A1010942AF534400005DEE7 /* MainWeatherCollectionViewCell.swift */; };
		2A1010982AF534400005DEE7 /* MainWeatherViewController.swift in Sources */ = {isa = PBXBuildFile; fileRef = 2A1010952AF534400005DEE7 /* MainWeatherViewController.swift */; };
		2A10109A2AF53F190005DEE7 /* UILabel+.swift in Sources */ = {isa = PBXBuildFile; fileRef = 2A1010992AF53F190005DEE7 /* UILabel+.swift */; };
		2A10109C2AF551290005DEE7 /* NotingView.swift in Sources */ = {isa = PBXBuildFile; fileRef = 2A10109B2AF551290005DEE7 /* NotingView.swift */; };
		2A10109F2AF5F6F50005DEE7 /* WeatherPageViewController.swift in Sources */ = {isa = PBXBuildFile; fileRef = 2A10109E2AF5F6F50005DEE7 /* WeatherPageViewController.swift */; };
		2A1010A12AF5F87E0005DEE7 /* WeatherPageDetailViewController.swift in Sources */ = {isa = PBXBuildFile; fileRef = 2A1010A02AF5F87E0005DEE7 /* WeatherPageDetailViewController.swift */; };
		2A1010A42AF602540005DEE7 /* MySection.swift in Sources */ = {isa = PBXBuildFile; fileRef = 2A1010A32AF602540005DEE7 /* MySection.swift */; };
		2A1010A62AF604AB0005DEE7 /* WeatherDetailOfWeek.swift in Sources */ = {isa = PBXBuildFile; fileRef = 2A1010A52AF604AB0005DEE7 /* WeatherDetailOfWeek.swift */; };
		2A1010AA2AF609620005DEE7 /* DayOfWeatherCollectionViewCell.swift in Sources */ = {isa = PBXBuildFile; fileRef = 2A1010A92AF609620005DEE7 /* DayOfWeatherCollectionViewCell.swift */; };
		2A1010AC2AF6096E0005DEE7 /* WeekOfWeatherCollectionViewCell.swift in Sources */ = {isa = PBXBuildFile; fileRef = 2A1010AB2AF6096E0005DEE7 /* WeekOfWeatherCollectionViewCell.swift */; };
		2A1010AE2AF60A340005DEE7 /* WeatherDetailHeaderCollectionReusableView.swift in Sources */ = {isa = PBXBuildFile; fileRef = 2A1010AD2AF60A340005DEE7 /* WeatherDetailHeaderCollectionReusableView.swift */; };
		2A1010B32AF612FE0005DEE7 /* LayoutFactory.swift in Sources */ = {isa = PBXBuildFile; fileRef = 2A1010B22AF612FE0005DEE7 /* LayoutFactory.swift */; };
		2A15453B2AFCA85C00756AF3 /* String+.swift in Sources */ = {isa = PBXBuildFile; fileRef = 2A15453A2AFCA85C00756AF3 /* String+.swift */; };
		2A15453D2AFD1C0000756AF3 /* InformationCollectionViewCell.swift in Sources */ = {isa = PBXBuildFile; fileRef = 2A15453C2AFD1C0000756AF3 /* InformationCollectionViewCell.swift */; };
		2A1D159D2ADE4C7F00FB5B9F /* SF-Pro-Display-Light.otf in Resources */ = {isa = PBXBuildFile; fileRef = 2A1D159C2ADE4C7F00FB5B9F /* SF-Pro-Display-Light.otf */; };
		2A1D159F2ADE4C8A00FB5B9F /* SF-Pro-Display-Medium.otf in Resources */ = {isa = PBXBuildFile; fileRef = 2A1D159E2ADE4C8A00FB5B9F /* SF-Pro-Display-Medium.otf */; };
		2A1D15A12ADE4C9100FB5B9F /* SF-Pro-Display-Regular.otf in Resources */ = {isa = PBXBuildFile; fileRef = 2A1D15A02ADE4C9100FB5B9F /* SF-Pro-Display-Regular.otf */; };
		2A1D15A32ADE4CA000FB5B9F /* SF-Pro-Display-Thin.otf in Resources */ = {isa = PBXBuildFile; fileRef = 2A1D15A22ADE4CA000FB5B9F /* SF-Pro-Display-Thin.otf */; };
		2A1D15A52ADE4CB800FB5B9F /* SF-Pro-Display-Bold.otf in Resources */ = {isa = PBXBuildFile; fileRef = 2A1D15A42ADE4CB800FB5B9F /* SF-Pro-Display-Bold.otf */; };
		2A1D15A72ADE4D5300FB5B9F /* UIFont+.swift in Sources */ = {isa = PBXBuildFile; fileRef = 2A1D15A62ADE4D5300FB5B9F /* UIFont+.swift */; };
		2A1D15A92ADE4FD900FB5B9F /* UIView+.swift in Sources */ = {isa = PBXBuildFile; fileRef = 2A1D15A82ADE4FD900FB5B9F /* UIView+.swift */; };
		2A1D15AB2ADE504C00FB5B9F /* UIStackView+.swift in Sources */ = {isa = PBXBuildFile; fileRef = 2A1D15AA2ADE504C00FB5B9F /* UIStackView+.swift */; };
		2A1D15AF2ADE52A500FB5B9F /* ImageLiterals.swift in Sources */ = {isa = PBXBuildFile; fileRef = 2A1D15AE2ADE52A500FB5B9F /* ImageLiterals.swift */; };
		2A1D15B22ADE530500FB5B9F /* UIImage+.swift in Sources */ = {isa = PBXBuildFile; fileRef = 2A1D15B12ADE530500FB5B9F /* UIImage+.swift */; };
		2A1D15BF2ADE5F6C00FB5B9F /* SnapKit in Frameworks */ = {isa = PBXBuildFile; productRef = 2A1D15BE2ADE5F6C00FB5B9F /* SnapKit */; };
		2A1D15C22ADE5F7700FB5B9F /* Then in Frameworks */ = {isa = PBXBuildFile; productRef = 2A1D15C12ADE5F7700FB5B9F /* Then */; };
		2A1D15C42ADE6EA700FB5B9F /* PageNavigationController.swift in Sources */ = {isa = PBXBuildFile; fileRef = 2A1D15C32ADE6EA700FB5B9F /* PageNavigationController.swift */; };
		2A1D15CC2AEA8A8000FB5B9F /* WeatherDetailViewController.swift in Sources */ = {isa = PBXBuildFile; fileRef = 2A1D15CB2AEA8A8000FB5B9F /* WeatherDetailViewController.swift */; };
		2A1D15D02AEA8F8300FB5B9F /* StringLiterals.swift in Sources */ = {isa = PBXBuildFile; fileRef = 2A1D15CF2AEA8F8300FB5B9F /* StringLiterals.swift */; };
		2A1D15D22AEAA3A200FB5B9F /* CALayer+.swift in Sources */ = {isa = PBXBuildFile; fileRef = 2A1D15D12AEAA3A200FB5B9F /* CALayer+.swift */; };
		2A1D15D42AEAAE8A00FB5B9F /* WeatherContentView.swift in Sources */ = {isa = PBXBuildFile; fileRef = 2A1D15D32AEAAE8A00FB5B9F /* WeatherContentView.swift */; };
		2A1D15D62AEAB18200FB5B9F /* WeatherDetail.swift in Sources */ = {isa = PBXBuildFile; fileRef = 2A1D15D52AEAB18200FB5B9F /* WeatherDetail.swift */; };
		2A1D15D82AEABA0B00FB5B9F /* Adjust+.swift in Sources */ = {isa = PBXBuildFile; fileRef = 2A1D15D72AEABA0B00FB5B9F /* Adjust+.swift */; };
		2A1D15DA2AEACA6400FB5B9F /* WeatherView.swift in Sources */ = {isa = PBXBuildFile; fileRef = 2A1D15D92AEACA6400FB5B9F /* WeatherView.swift */; };
		2A1D15DC2AEACAE900FB5B9F /* Weather.swift in Sources */ = {isa = PBXBuildFile; fileRef = 2A1D15DB2AEACAE900FB5B9F /* Weather.swift */; };
		2A9E85DC2ACD679600D22C16 /* AppDelegate.swift in Sources */ = {isa = PBXBuildFile; fileRef = 2A9E85DB2ACD679600D22C16 /* AppDelegate.swift */; };
		2A9E85DE2ACD679600D22C16 /* SceneDelegate.swift in Sources */ = {isa = PBXBuildFile; fileRef = 2A9E85DD2ACD679600D22C16 /* SceneDelegate.swift */; };
		2A9E85E02ACD679600D22C16 /* WeatherViewController.swift in Sources */ = {isa = PBXBuildFile; fileRef = 2A9E85DF2ACD679600D22C16 /* WeatherViewController.swift */; };
		2A9E85E52ACD679800D22C16 /* Assets.xcassets in Resources */ = {isa = PBXBuildFile; fileRef = 2A9E85E42ACD679800D22C16 /* Assets.xcassets */; };
		2A9E85E82ACD679800D22C16 /* LaunchScreen.storyboard in Resources */ = {isa = PBXBuildFile; fileRef = 2A9E85E62ACD679800D22C16 /* LaunchScreen.storyboard */; };
		2AFBEAE42AF675710012CEC3 /* FirstBackgroundCollectionReusableView.swift in Sources */ = {isa = PBXBuildFile; fileRef = 2AFBEAE32AF675710012CEC3 /* FirstBackgroundCollectionReusableView.swift */; };
		2AFBEAE62AF68A2E0012CEC3 /* UIColor+.swift in Sources */ = {isa = PBXBuildFile; fileRef = 2AFBEAE52AF68A2E0012CEC3 /* UIColor+.swift */; };
		2AFBEAE82AF6A3CE0012CEC3 /* SecondBackgroundCollectionReusableView.swift in Sources */ = {isa = PBXBuildFile; fileRef = 2AFBEAE72AF6A3CE0012CEC3 /* SecondBackgroundCollectionReusableView.swift */; };
		2AFBEAEA2AF6A8DC0012CEC3 /* InformationCollectionReusableView.swift in Sources */ = {isa = PBXBuildFile; fileRef = 2AFBEAE92AF6A8DC0012CEC3 /* InformationCollectionReusableView.swift */; };
		2AFBEAEC2AF6AABF0012CEC3 /* HeaderText.swift in Sources */ = {isa = PBXBuildFile; fileRef = 2AFBEAEB2AF6AABF0012CEC3 /* HeaderText.swift */; };
/* End PBXBuildFile section */

/* Begin PBXFileReference section */
		2A10108E2AF4FD390005DEE7 /* NSObject+.swift */ = {isa = PBXFileReference; lastKnownFileType = sourcecode.swift; path = "NSObject+.swift"; sourceTree = "<group>"; };
		2A1010932AF534400005DEE7 /* FooterCollectionReusableView.swift */ = {isa = PBXFileReference; fileEncoding = 4; lastKnownFileType = sourcecode.swift; name = FooterCollectionReusableView.swift; path = DO_SOPT_Seminar_Assignment/ThirdSeminar/Main/FooterCollectionReusableView.swift; sourceTree = SOURCE_ROOT; };
		2A1010942AF534400005DEE7 /* MainWeatherCollectionViewCell.swift */ = {isa = PBXFileReference; fileEncoding = 4; lastKnownFileType = sourcecode.swift; name = MainWeatherCollectionViewCell.swift; path = DO_SOPT_Seminar_Assignment/ThirdSeminar/Main/MainWeatherCollectionViewCell.swift; sourceTree = SOURCE_ROOT; };
		2A1010952AF534400005DEE7 /* MainWeatherViewController.swift */ = {isa = PBXFileReference; fileEncoding = 4; lastKnownFileType = sourcecode.swift; name = MainWeatherViewController.swift; path = DO_SOPT_Seminar_Assignment/ThirdSeminar/Main/MainWeatherViewController.swift; sourceTree = SOURCE_ROOT; };
		2A1010992AF53F190005DEE7 /* UILabel+.swift */ = {isa = PBXFileReference; lastKnownFileType = sourcecode.swift; path = "UILabel+.swift"; sourceTree = "<group>"; };
		2A10109B2AF551290005DEE7 /* NotingView.swift */ = {isa = PBXFileReference; lastKnownFileType = sourcecode.swift; name = NotingView.swift; path = DO_SOPT_Seminar_Assignment/ThirdSeminar/Main/NotingView.swift; sourceTree = SOURCE_ROOT; };
		2A10109E2AF5F6F50005DEE7 /* WeatherPageViewController.swift */ = {isa = PBXFileReference; lastKnownFileType = sourcecode.swift; path = WeatherPageViewController.swift; sourceTree = "<group>"; };
		2A1010A02AF5F87E0005DEE7 /* WeatherPageDetailViewController.swift */ = {isa = PBXFileReference; lastKnownFileType = sourcecode.swift; path = WeatherPageDetailViewController.swift; sourceTree = "<group>"; };
		2A1010A32AF602540005DEE7 /* MySection.swift */ = {isa = PBXFileReference; lastKnownFileType = sourcecode.swift; path = MySection.swift; sourceTree = "<group>"; };
		2A1010A52AF604AB0005DEE7 /* WeatherDetailOfWeek.swift */ = {isa = PBXFileReference; lastKnownFileType = sourcecode.swift; path = WeatherDetailOfWeek.swift; sourceTree = "<group>"; };
		2A1010A92AF609620005DEE7 /* DayOfWeatherCollectionViewCell.swift */ = {isa = PBXFileReference; lastKnownFileType = sourcecode.swift; path = DayOfWeatherCollectionViewCell.swift; sourceTree = "<group>"; };
		2A1010AB2AF6096E0005DEE7 /* WeekOfWeatherCollectionViewCell.swift */ = {isa = PBXFileReference; lastKnownFileType = sourcecode.swift; path = WeekOfWeatherCollectionViewCell.swift; sourceTree = "<group>"; };
		2A1010AD2AF60A340005DEE7 /* WeatherDetailHeaderCollectionReusableView.swift */ = {isa = PBXFileReference; lastKnownFileType = sourcecode.swift; path = WeatherDetailHeaderCollectionReusableView.swift; sourceTree = "<group>"; };
		2A1010B22AF612FE0005DEE7 /* LayoutFactory.swift */ = {isa = PBXFileReference; lastKnownFileType = sourcecode.swift; path = LayoutFactory.swift; sourceTree = "<group>"; };
		2A15453A2AFCA85C00756AF3 /* String+.swift */ = {isa = PBXFileReference; lastKnownFileType = sourcecode.swift; path = "String+.swift"; sourceTree = "<group>"; };
		2A15453C2AFD1C0000756AF3 /* InformationCollectionViewCell.swift */ = {isa = PBXFileReference; lastKnownFileType = sourcecode.swift; path = InformationCollectionViewCell.swift; sourceTree = "<group>"; };
		2A1D159C2ADE4C7F00FB5B9F /* SF-Pro-Display-Light.otf */ = {isa = PBXFileReference; lastKnownFileType = file; path = "SF-Pro-Display-Light.otf"; sourceTree = "<group>"; };
		2A1D159E2ADE4C8A00FB5B9F /* SF-Pro-Display-Medium.otf */ = {isa = PBXFileReference; lastKnownFileType = file; path = "SF-Pro-Display-Medium.otf"; sourceTree = "<group>"; };
		2A1D15A02ADE4C9100FB5B9F /* SF-Pro-Display-Regular.otf */ = {isa = PBXFileReference; lastKnownFileType = file; path = "SF-Pro-Display-Regular.otf"; sourceTree = "<group>"; };
		2A1D15A22ADE4CA000FB5B9F /* SF-Pro-Display-Thin.otf */ = {isa = PBXFileReference; lastKnownFileType = file; path = "SF-Pro-Display-Thin.otf"; sourceTree = "<group>"; };
		2A1D15A42ADE4CB800FB5B9F /* SF-Pro-Display-Bold.otf */ = {isa = PBXFileReference; lastKnownFileType = file; path = "SF-Pro-Display-Bold.otf"; sourceTree = "<group>"; };
		2A1D15A62ADE4D5300FB5B9F /* UIFont+.swift */ = {isa = PBXFileReference; lastKnownFileType = sourcecode.swift; path = "UIFont+.swift"; sourceTree = "<group>"; };
		2A1D15A82ADE4FD900FB5B9F /* UIView+.swift */ = {isa = PBXFileReference; lastKnownFileType = sourcecode.swift; path = "UIView+.swift"; sourceTree = "<group>"; };
		2A1D15AA2ADE504C00FB5B9F /* UIStackView+.swift */ = {isa = PBXFileReference; lastKnownFileType = sourcecode.swift; path = "UIStackView+.swift"; sourceTree = "<group>"; };
		2A1D15AE2ADE52A500FB5B9F /* ImageLiterals.swift */ = {isa = PBXFileReference; lastKnownFileType = sourcecode.swift; path = ImageLiterals.swift; sourceTree = "<group>"; };
		2A1D15B12ADE530500FB5B9F /* UIImage+.swift */ = {isa = PBXFileReference; lastKnownFileType = sourcecode.swift; path = "UIImage+.swift"; sourceTree = "<group>"; };
		2A1D15C32ADE6EA700FB5B9F /* PageNavigationController.swift */ = {isa = PBXFileReference; lastKnownFileType = sourcecode.swift; path = PageNavigationController.swift; sourceTree = "<group>"; };
		2A1D15CB2AEA8A8000FB5B9F /* WeatherDetailViewController.swift */ = {isa = PBXFileReference; lastKnownFileType = sourcecode.swift; path = WeatherDetailViewController.swift; sourceTree = "<group>"; };
		2A1D15CF2AEA8F8300FB5B9F /* StringLiterals.swift */ = {isa = PBXFileReference; lastKnownFileType = sourcecode.swift; path = StringLiterals.swift; sourceTree = "<group>"; };
		2A1D15D12AEAA3A200FB5B9F /* CALayer+.swift */ = {isa = PBXFileReference; lastKnownFileType = sourcecode.swift; path = "CALayer+.swift"; sourceTree = "<group>"; };
		2A1D15D32AEAAE8A00FB5B9F /* WeatherContentView.swift */ = {isa = PBXFileReference; lastKnownFileType = sourcecode.swift; path = WeatherContentView.swift; sourceTree = "<group>"; };
		2A1D15D52AEAB18200FB5B9F /* WeatherDetail.swift */ = {isa = PBXFileReference; lastKnownFileType = sourcecode.swift; path = WeatherDetail.swift; sourceTree = "<group>"; };
		2A1D15D72AEABA0B00FB5B9F /* Adjust+.swift */ = {isa = PBXFileReference; lastKnownFileType = sourcecode.swift; path = "Adjust+.swift"; sourceTree = "<group>"; };
		2A1D15D92AEACA6400FB5B9F /* WeatherView.swift */ = {isa = PBXFileReference; lastKnownFileType = sourcecode.swift; path = WeatherView.swift; sourceTree = "<group>"; };
		2A1D15DB2AEACAE900FB5B9F /* Weather.swift */ = {isa = PBXFileReference; lastKnownFileType = sourcecode.swift; path = Weather.swift; sourceTree = "<group>"; };
		2A9E85D82ACD679600D22C16 /* DO_SOPT_Seminar_Assignment.app */ = {isa = PBXFileReference; explicitFileType = wrapper.application; includeInIndex = 0; path = DO_SOPT_Seminar_Assignment.app; sourceTree = BUILT_PRODUCTS_DIR; };
		2A9E85DB2ACD679600D22C16 /* AppDelegate.swift */ = {isa = PBXFileReference; lastKnownFileType = sourcecode.swift; path = AppDelegate.swift; sourceTree = "<group>"; };
		2A9E85DD2ACD679600D22C16 /* SceneDelegate.swift */ = {isa = PBXFileReference; lastKnownFileType = sourcecode.swift; path = SceneDelegate.swift; sourceTree = "<group>"; };
		2A9E85DF2ACD679600D22C16 /* WeatherViewController.swift */ = {isa = PBXFileReference; lastKnownFileType = sourcecode.swift; path = WeatherViewController.swift; sourceTree = "<group>"; };
		2A9E85E42ACD679800D22C16 /* Assets.xcassets */ = {isa = PBXFileReference; lastKnownFileType = folder.assetcatalog; path = Assets.xcassets; sourceTree = "<group>"; };
		2A9E85E72ACD679800D22C16 /* Base */ = {isa = PBXFileReference; lastKnownFileType = file.storyboard; name = Base; path = Base.lproj/LaunchScreen.storyboard; sourceTree = "<group>"; };
		2A9E85E92ACD679800D22C16 /* Info.plist */ = {isa = PBXFileReference; lastKnownFileType = text.plist.xml; path = Info.plist; sourceTree = "<group>"; };
		2AFBEAE32AF675710012CEC3 /* FirstBackgroundCollectionReusableView.swift */ = {isa = PBXFileReference; lastKnownFileType = sourcecode.swift; path = FirstBackgroundCollectionReusableView.swift; sourceTree = "<group>"; };
		2AFBEAE52AF68A2E0012CEC3 /* UIColor+.swift */ = {isa = PBXFileReference; lastKnownFileType = sourcecode.swift; path = "UIColor+.swift"; sourceTree = "<group>"; };
		2AFBEAE72AF6A3CE0012CEC3 /* SecondBackgroundCollectionReusableView.swift */ = {isa = PBXFileReference; lastKnownFileType = sourcecode.swift; path = SecondBackgroundCollectionReusableView.swift; sourceTree = "<group>"; };
		2AFBEAE92AF6A8DC0012CEC3 /* InformationCollectionReusableView.swift */ = {isa = PBXFileReference; lastKnownFileType = sourcecode.swift; path = InformationCollectionReusableView.swift; sourceTree = "<group>"; };
		2AFBEAEB2AF6AABF0012CEC3 /* HeaderText.swift */ = {isa = PBXFileReference; lastKnownFileType = sourcecode.swift; path = HeaderText.swift; sourceTree = "<group>"; };
/* End PBXFileReference section */

/* Begin PBXFrameworksBuildPhase section */
		2A9E85D52ACD679600D22C16 /* Frameworks */ = {
			isa = PBXFrameworksBuildPhase;
			buildActionMask = 2147483647;
			files = (
				2A1D15BF2ADE5F6C00FB5B9F /* SnapKit in Frameworks */,
				2A1D15C22ADE5F7700FB5B9F /* Then in Frameworks */,
			);
			runOnlyForDeploymentPostprocessing = 0;
		};
/* End PBXFrameworksBuildPhase section */

/* Begin PBXGroup section */
		2A10109D2AF5F6D60005DEE7 /* Detail */ = {
			isa = PBXGroup;
			children = (
				2AFBEAE22AF675510012CEC3 /* Background */,
				2A1010B12AF60B550005DEE7 /* Header */,
				2A1010B02AF60A5F0005DEE7 /* Cell */,
				2A10109E2AF5F6F50005DEE7 /* WeatherPageViewController.swift */,
				2A1010A02AF5F87E0005DEE7 /* WeatherPageDetailViewController.swift */,
			);
			path = Detail;
			sourceTree = "<group>";
		};
		2A1010AF2AF60A540005DEE7 /* Enum */ = {
			isa = PBXGroup;
			children = (
				2A1010A32AF602540005DEE7 /* MySection.swift */,
				2A1010B22AF612FE0005DEE7 /* LayoutFactory.swift */,
			);
			path = Enum;
			sourceTree = "<group>";
		};
		2A1010B02AF60A5F0005DEE7 /* Cell */ = {
			isa = PBXGroup;
			children = (
				2A15453C2AFD1C0000756AF3 /* InformationCollectionViewCell.swift */,
				2A1010A92AF609620005DEE7 /* DayOfWeatherCollectionViewCell.swift */,
				2A1010AB2AF6096E0005DEE7 /* WeekOfWeatherCollectionViewCell.swift */,
			);
			path = Cell;
			sourceTree = "<group>";
		};
		2A1010B12AF60B550005DEE7 /* Header */ = {
			isa = PBXGroup;
			children = (
				2A1010AD2AF60A340005DEE7 /* WeatherDetailHeaderCollectionReusableView.swift */,
				2AFBEAE92AF6A8DC0012CEC3 /* InformationCollectionReusableView.swift */,
			);
			path = Header;
			sourceTree = "<group>";
		};
		2A1D159B2ADE4C6F00FB5B9F /* Fonts */ = {
			isa = PBXGroup;
			children = (
				2A1D15A42ADE4CB800FB5B9F /* SF-Pro-Display-Bold.otf */,
				2A1D15A22ADE4CA000FB5B9F /* SF-Pro-Display-Thin.otf */,
				2A1D15A02ADE4C9100FB5B9F /* SF-Pro-Display-Regular.otf */,
				2A1D159C2ADE4C7F00FB5B9F /* SF-Pro-Display-Light.otf */,
				2A1D159E2ADE4C8A00FB5B9F /* SF-Pro-Display-Medium.otf */,
			);
			path = Fonts;
			sourceTree = "<group>";
		};
		2A1D15AD2ADE529400FB5B9F /* Literals */ = {
			isa = PBXGroup;
			children = (
				2A1D15AE2ADE52A500FB5B9F /* ImageLiterals.swift */,
				2A1D15CF2AEA8F8300FB5B9F /* StringLiterals.swift */,
			);
			path = Literals;
			sourceTree = "<group>";
		};
		2A1D15CD2AEA8F4800FB5B9F /* Main */ = {
			isa = PBXGroup;
			children = (
				2A1D15D92AEACA6400FB5B9F /* WeatherView.swift */,
				2A9E85DF2ACD679600D22C16 /* WeatherViewController.swift */,
			);
			path = Main;
			sourceTree = "<group>";
		};
		2A1D15CE2AEA8F5100FB5B9F /* Detail */ = {
			isa = PBXGroup;
			children = (
				2A1D15C32ADE6EA700FB5B9F /* PageNavigationController.swift */,
				2A1D15D32AEAAE8A00FB5B9F /* WeatherContentView.swift */,
				2A1D15CB2AEA8A8000FB5B9F /* WeatherDetailViewController.swift */,
			);
			path = Detail;
			sourceTree = "<group>";
		};
		2A3E2E002AF4D90E00FE6418 /* ThirdSeminar */ = {
			isa = PBXGroup;
			children = (
				2A95BCF72AF66F13000551E3 /* Main */,
				2A1010AF2AF60A540005DEE7 /* Enum */,
				2A10109D2AF5F6D60005DEE7 /* Detail */,
			);
			name = ThirdSeminar;
			path = ../ThirdSeminar;
			sourceTree = "<group>";
		};
		2A3E2E012AF4D91B00FE6418 /* Dummy */ = {
			isa = PBXGroup;
			children = (
				2A1D15DB2AEACAE900FB5B9F /* Weather.swift */,
				2A1D15D52AEAB18200FB5B9F /* WeatherDetail.swift */,
				2A1010A52AF604AB0005DEE7 /* WeatherDetailOfWeek.swift */,
				2AFBEAEB2AF6AABF0012CEC3 /* HeaderText.swift */,
			);
			path = Dummy;
			sourceTree = "<group>";
		};
		2A87230D2ADD886700031C21 /* Application */ = {
			isa = PBXGroup;
			children = (
				2A9E85DD2ACD679600D22C16 /* SceneDelegate.swift */,
				2A9E85DB2ACD679600D22C16 /* AppDelegate.swift */,
			);
			path = Application;
			sourceTree = "<group>";
		};
		2A87230E2ADD887C00031C21 /* Global */ = {
			isa = PBXGroup;
			children = (
				2A1D15AD2ADE529400FB5B9F /* Literals */,
				2A87230F2ADD888800031C21 /* Extensions */,
				2A8723102ADD889B00031C21 /* Resources */,
			);
			path = Global;
			sourceTree = "<group>";
		};
		2A87230F2ADD888800031C21 /* Extensions */ = {
			isa = PBXGroup;
			children = (
				2A1D15A62ADE4D5300FB5B9F /* UIFont+.swift */,
				2A1D15B12ADE530500FB5B9F /* UIImage+.swift */,
				2A1D15A82ADE4FD900FB5B9F /* UIView+.swift */,
				2A1D15AA2ADE504C00FB5B9F /* UIStackView+.swift */,
				2A1D15D12AEAA3A200FB5B9F /* CALayer+.swift */,
				2A1D15D72AEABA0B00FB5B9F /* Adjust+.swift */,
				2A10108E2AF4FD390005DEE7 /* NSObject+.swift */,
				2A1010992AF53F190005DEE7 /* UILabel+.swift */,
				2AFBEAE52AF68A2E0012CEC3 /* UIColor+.swift */,
				2A15453A2AFCA85C00756AF3 /* String+.swift */,
			);
			path = Extensions;
			sourceTree = "<group>";
		};
		2A8723102ADD889B00031C21 /* Resources */ = {
			isa = PBXGroup;
			children = (
				2A1D159B2ADE4C6F00FB5B9F /* Fonts */,
				2A9E85E62ACD679800D22C16 /* LaunchScreen.storyboard */,
				2A9E85E42ACD679800D22C16 /* Assets.xcassets */,
			);
			path = Resources;
			sourceTree = "<group>";
		};
		2A8723112ADD88B800031C21 /* Presentation */ = {
			isa = PBXGroup;
			children = (
				2A3E2E012AF4D91B00FE6418 /* Dummy */,
				2A8723122ADD88D100031C21 /* SecondSeminar */,
				2A3E2E002AF4D90E00FE6418 /* ThirdSeminar */,
			);
			path = Presentation;
			sourceTree = "<group>";
		};
		2A8723122ADD88D100031C21 /* SecondSeminar */ = {
			isa = PBXGroup;
			children = (
				2A1D15CD2AEA8F4800FB5B9F /* Main */,
				2A1D15CE2AEA8F5100FB5B9F /* Detail */,
			);
			path = SecondSeminar;
			sourceTree = "<group>";
		};
		2A95BCF72AF66F13000551E3 /* Main */ = {
			isa = PBXGroup;
			children = (
				2A1010942AF534400005DEE7 /* MainWeatherCollectionViewCell.swift */,
				2A1010952AF534400005DEE7 /* MainWeatherViewController.swift */,
				2A10109B2AF551290005DEE7 /* NotingView.swift */,
				2A1010932AF534400005DEE7 /* FooterCollectionReusableView.swift */,
			);
			path = Main;
			sourceTree = "<group>";
		};
		2A9E85CF2ACD679600D22C16 = {
			isa = PBXGroup;
			children = (
				2A9E85DA2ACD679600D22C16 /* DO_SOPT_Seminar_Assignment */,
				2A9E85D92ACD679600D22C16 /* Products */,
			);
			sourceTree = "<group>";
		};
		2A9E85D92ACD679600D22C16 /* Products */ = {
			isa = PBXGroup;
			children = (
				2A9E85D82ACD679600D22C16 /* DO_SOPT_Seminar_Assignment.app */,
			);
			name = Products;
			sourceTree = "<group>";
		};
		2A9E85DA2ACD679600D22C16 /* DO_SOPT_Seminar_Assignment */ = {
			isa = PBXGroup;
			children = (
				2A87230D2ADD886700031C21 /* Application */,
				2A87230E2ADD887C00031C21 /* Global */,
				2A8723112ADD88B800031C21 /* Presentation */,
				2A9E85E92ACD679800D22C16 /* Info.plist */,
			);
			path = DO_SOPT_Seminar_Assignment;
			sourceTree = "<group>";
		};
		2AFBEAE22AF675510012CEC3 /* Background */ = {
			isa = PBXGroup;
			children = (
				2AFBEAE32AF675710012CEC3 /* FirstBackgroundCollectionReusableView.swift */,
				2AFBEAE72AF6A3CE0012CEC3 /* SecondBackgroundCollectionReusableView.swift */,
			);
			path = Background;
			sourceTree = "<group>";
		};
/* End PBXGroup section */

/* Begin PBXNativeTarget section */
		2A9E85D72ACD679600D22C16 /* DO_SOPT_Seminar_Assignment */ = {
			isa = PBXNativeTarget;
			buildConfigurationList = 2A9E85EC2ACD679800D22C16 /* Build configuration list for PBXNativeTarget "DO_SOPT_Seminar_Assignment" */;
			buildPhases = (
				2A9E85D42ACD679600D22C16 /* Sources */,
				2A9E85D52ACD679600D22C16 /* Frameworks */,
				2A9E85D62ACD679600D22C16 /* Resources */,
			);
			buildRules = (
			);
			dependencies = (
			);
			name = DO_SOPT_Seminar_Assignment;
			packageProductDependencies = (
				2A1D15BE2ADE5F6C00FB5B9F /* SnapKit */,
				2A1D15C12ADE5F7700FB5B9F /* Then */,
			);
			productName = DO_SOPT_Seminar_Assignment;
			productReference = 2A9E85D82ACD679600D22C16 /* DO_SOPT_Seminar_Assignment.app */;
			productType = "com.apple.product-type.application";
		};
/* End PBXNativeTarget section */

/* Begin PBXProject section */
		2A9E85D02ACD679600D22C16 /* Project object */ = {
			isa = PBXProject;
			attributes = {
				BuildIndependentTargetsInParallel = 1;
				LastSwiftUpdateCheck = 1420;
				LastUpgradeCheck = 1420;
				TargetAttributes = {
					2A9E85D72ACD679600D22C16 = {
						CreatedOnToolsVersion = 14.2;
					};
				};
			};
			buildConfigurationList = 2A9E85D32ACD679600D22C16 /* Build configuration list for PBXProject "DO_SOPT_Seminar_Assignment" */;
			compatibilityVersion = "Xcode 14.0";
			developmentRegion = en;
			hasScannedForEncodings = 0;
			knownRegions = (
				en,
				Base,
			);
			mainGroup = 2A9E85CF2ACD679600D22C16;
			packageReferences = (
				2A1D15BD2ADE5F6C00FB5B9F /* XCRemoteSwiftPackageReference "SnapKit" */,
				2A1D15C02ADE5F7700FB5B9F /* XCRemoteSwiftPackageReference "Then" */,
			);
			productRefGroup = 2A9E85D92ACD679600D22C16 /* Products */;
			projectDirPath = "";
			projectRoot = "";
			targets = (
				2A9E85D72ACD679600D22C16 /* DO_SOPT_Seminar_Assignment */,
			);
		};
/* End PBXProject section */

/* Begin PBXResourcesBuildPhase section */
		2A9E85D62ACD679600D22C16 /* Resources */ = {
			isa = PBXResourcesBuildPhase;
			buildActionMask = 2147483647;
			files = (
				2A1D159F2ADE4C8A00FB5B9F /* SF-Pro-Display-Medium.otf in Resources */,
				2A9E85E82ACD679800D22C16 /* LaunchScreen.storyboard in Resources */,
				2A1D15A32ADE4CA000FB5B9F /* SF-Pro-Display-Thin.otf in Resources */,
				2A1D159D2ADE4C7F00FB5B9F /* SF-Pro-Display-Light.otf in Resources */,
				2A1D15A52ADE4CB800FB5B9F /* SF-Pro-Display-Bold.otf in Resources */,
				2A1D15A12ADE4C9100FB5B9F /* SF-Pro-Display-Regular.otf in Resources */,
				2A9E85E52ACD679800D22C16 /* Assets.xcassets in Resources */,
			);
			runOnlyForDeploymentPostprocessing = 0;
		};
/* End PBXResourcesBuildPhase section */

/* Begin PBXSourcesBuildPhase section */
		2A9E85D42ACD679600D22C16 /* Sources */ = {
			isa = PBXSourcesBuildPhase;
			buildActionMask = 2147483647;
			files = (
				2A1D15C42ADE6EA700FB5B9F /* PageNavigationController.swift in Sources */,
				2A1D15D62AEAB18200FB5B9F /* WeatherDetail.swift in Sources */,
				2A1D15CC2AEA8A8000FB5B9F /* WeatherDetailViewController.swift in Sources */,
				2A1D15DC2AEACAE900FB5B9F /* Weather.swift in Sources */,
				2A1D15A72ADE4D5300FB5B9F /* UIFont+.swift in Sources */,
				2A15453B2AFCA85C00756AF3 /* String+.swift in Sources */,
				2A1010962AF534400005DEE7 /* FooterCollectionReusableView.swift in Sources */,
				2A10108F2AF4FD390005DEE7 /* NSObject+.swift in Sources */,
				2A1D15D42AEAAE8A00FB5B9F /* WeatherContentView.swift in Sources */,
				2A10109A2AF53F190005DEE7 /* UILabel+.swift in Sources */,
				2A1D15AB2ADE504C00FB5B9F /* UIStackView+.swift in Sources */,
				2A9E85E02ACD679600D22C16 /* WeatherViewController.swift in Sources */,
				2A1D15DA2AEACA6400FB5B9F /* WeatherView.swift in Sources */,
				2A1D15D22AEAA3A200FB5B9F /* CALayer+.swift in Sources */,
				2A1D15D82AEABA0B00FB5B9F /* Adjust+.swift in Sources */,
				2A1010A12AF5F87E0005DEE7 /* WeatherPageDetailViewController.swift in Sources */,
				2A1010A42AF602540005DEE7 /* MySection.swift in Sources */,
				2A10109F2AF5F6F50005DEE7 /* WeatherPageViewController.swift in Sources */,
				2A10109C2AF551290005DEE7 /* NotingView.swift in Sources */,
				2AFBEAE42AF675710012CEC3 /* FirstBackgroundCollectionReusableView.swift in Sources */,
				2A1010982AF534400005DEE7 /* MainWeatherViewController.swift in Sources */,
				2A1010B32AF612FE0005DEE7 /* LayoutFactory.swift in Sources */,
				2AFBEAEA2AF6A8DC0012CEC3 /* InformationCollectionReusableView.swift in Sources */,
				2A15453D2AFD1C0000756AF3 /* InformationCollectionViewCell.swift in Sources */,
				2A1010AC2AF6096E0005DEE7 /* WeekOfWeatherCollectionViewCell.swift in Sources */,
				2AFBEAE82AF6A3CE0012CEC3 /* SecondBackgroundCollectionReusableView.swift in Sources */,
				2A9E85DC2ACD679600D22C16 /* AppDelegate.swift in Sources */,
				2AFBEAEC2AF6AABF0012CEC3 /* HeaderText.swift in Sources */,
				2A9E85DE2ACD679600D22C16 /* SceneDelegate.swift in Sources */,
				2AFBEAE62AF68A2E0012CEC3 /* UIColor+.swift in Sources */,
				2A1010AE2AF60A340005DEE7 /* WeatherDetailHeaderCollectionReusableView.swift in Sources */,
				2A1010AA2AF609620005DEE7 /* DayOfWeatherCollectionViewCell.swift in Sources */,
				2A1D15B22ADE530500FB5B9F /* UIImage+.swift in Sources */,
				2A1010972AF534400005DEE7 /* MainWeatherCollectionViewCell.swift in Sources */,
				2A1D15AF2ADE52A500FB5B9F /* ImageLiterals.swift in Sources */,
				2A1010A62AF604AB0005DEE7 /* WeatherDetailOfWeek.swift in Sources */,
				2A1D15D02AEA8F8300FB5B9F /* StringLiterals.swift in Sources */,
				2A1D15A92ADE4FD900FB5B9F /* UIView+.swift in Sources */,
			);
			runOnlyForDeploymentPostprocessing = 0;
		};
/* End PBXSourcesBuildPhase section */

/* Begin PBXVariantGroup section */
		2A9E85E62ACD679800D22C16 /* LaunchScreen.storyboard */ = {
			isa = PBXVariantGroup;
			children = (
				2A9E85E72ACD679800D22C16 /* Base */,
			);
			name = LaunchScreen.storyboard;
			sourceTree = "<group>";
		};
/* End PBXVariantGroup section */

/* Begin XCBuildConfiguration section */
		2A9E85EA2ACD679800D22C16 /* Debug */ = {
			isa = XCBuildConfiguration;
			buildSettings = {
				ALWAYS_SEARCH_USER_PATHS = NO;
				CLANG_ANALYZER_NONNULL = YES;
				CLANG_ANALYZER_NUMBER_OBJECT_CONVERSION = YES_AGGRESSIVE;
				CLANG_CXX_LANGUAGE_STANDARD = "gnu++20";
				CLANG_ENABLE_MODULES = YES;
				CLANG_ENABLE_OBJC_ARC = YES;
				CLANG_ENABLE_OBJC_WEAK = YES;
				CLANG_WARN_BLOCK_CAPTURE_AUTORELEASING = YES;
				CLANG_WARN_BOOL_CONVERSION = YES;
				CLANG_WARN_COMMA = YES;
				CLANG_WARN_CONSTANT_CONVERSION = YES;
				CLANG_WARN_DEPRECATED_OBJC_IMPLEMENTATIONS = YES;
				CLANG_WARN_DIRECT_OBJC_ISA_USAGE = YES_ERROR;
				CLANG_WARN_DOCUMENTATION_COMMENTS = YES;
				CLANG_WARN_EMPTY_BODY = YES;
				CLANG_WARN_ENUM_CONVERSION = YES;
				CLANG_WARN_INFINITE_RECURSION = YES;
				CLANG_WARN_INT_CONVERSION = YES;
				CLANG_WARN_NON_LITERAL_NULL_CONVERSION = YES;
				CLANG_WARN_OBJC_IMPLICIT_RETAIN_SELF = YES;
				CLANG_WARN_OBJC_LITERAL_CONVERSION = YES;
				CLANG_WARN_OBJC_ROOT_CLASS = YES_ERROR;
				CLANG_WARN_QUOTED_INCLUDE_IN_FRAMEWORK_HEADER = YES;
				CLANG_WARN_RANGE_LOOP_ANALYSIS = YES;
				CLANG_WARN_STRICT_PROTOTYPES = YES;
				CLANG_WARN_SUSPICIOUS_MOVE = YES;
				CLANG_WARN_UNGUARDED_AVAILABILITY = YES_AGGRESSIVE;
				CLANG_WARN_UNREACHABLE_CODE = YES;
				CLANG_WARN__DUPLICATE_METHOD_MATCH = YES;
				COPY_PHASE_STRIP = NO;
				DEBUG_INFORMATION_FORMAT = dwarf;
				ENABLE_STRICT_OBJC_MSGSEND = YES;
				ENABLE_TESTABILITY = YES;
				GCC_C_LANGUAGE_STANDARD = gnu11;
				GCC_DYNAMIC_NO_PIC = NO;
				GCC_NO_COMMON_BLOCKS = YES;
				GCC_OPTIMIZATION_LEVEL = 0;
				GCC_PREPROCESSOR_DEFINITIONS = (
					"DEBUG=1",
					"$(inherited)",
				);
				GCC_WARN_64_TO_32_BIT_CONVERSION = YES;
				GCC_WARN_ABOUT_RETURN_TYPE = YES_ERROR;
				GCC_WARN_UNDECLARED_SELECTOR = YES;
				GCC_WARN_UNINITIALIZED_AUTOS = YES_AGGRESSIVE;
				GCC_WARN_UNUSED_FUNCTION = YES;
				GCC_WARN_UNUSED_VARIABLE = YES;
				IPHONEOS_DEPLOYMENT_TARGET = 16.2;
				MTL_ENABLE_DEBUG_INFO = INCLUDE_SOURCE;
				MTL_FAST_MATH = YES;
				ONLY_ACTIVE_ARCH = YES;
				SDKROOT = iphoneos;
				SWIFT_ACTIVE_COMPILATION_CONDITIONS = DEBUG;
				SWIFT_OPTIMIZATION_LEVEL = "-Onone";
			};
			name = Debug;
		};
		2A9E85EB2ACD679800D22C16 /* Release */ = {
			isa = XCBuildConfiguration;
			buildSettings = {
				ALWAYS_SEARCH_USER_PATHS = NO;
				CLANG_ANALYZER_NONNULL = YES;
				CLANG_ANALYZER_NUMBER_OBJECT_CONVERSION = YES_AGGRESSIVE;
				CLANG_CXX_LANGUAGE_STANDARD = "gnu++20";
				CLANG_ENABLE_MODULES = YES;
				CLANG_ENABLE_OBJC_ARC = YES;
				CLANG_ENABLE_OBJC_WEAK = YES;
				CLANG_WARN_BLOCK_CAPTURE_AUTORELEASING = YES;
				CLANG_WARN_BOOL_CONVERSION = YES;
				CLANG_WARN_COMMA = YES;
				CLANG_WARN_CONSTANT_CONVERSION = YES;
				CLANG_WARN_DEPRECATED_OBJC_IMPLEMENTATIONS = YES;
				CLANG_WARN_DIRECT_OBJC_ISA_USAGE = YES_ERROR;
				CLANG_WARN_DOCUMENTATION_COMMENTS = YES;
				CLANG_WARN_EMPTY_BODY = YES;
				CLANG_WARN_ENUM_CONVERSION = YES;
				CLANG_WARN_INFINITE_RECURSION = YES;
				CLANG_WARN_INT_CONVERSION = YES;
				CLANG_WARN_NON_LITERAL_NULL_CONVERSION = YES;
				CLANG_WARN_OBJC_IMPLICIT_RETAIN_SELF = YES;
				CLANG_WARN_OBJC_LITERAL_CONVERSION = YES;
				CLANG_WARN_OBJC_ROOT_CLASS = YES_ERROR;
				CLANG_WARN_QUOTED_INCLUDE_IN_FRAMEWORK_HEADER = YES;
				CLANG_WARN_RANGE_LOOP_ANALYSIS = YES;
				CLANG_WARN_STRICT_PROTOTYPES = YES;
				CLANG_WARN_SUSPICIOUS_MOVE = YES;
				CLANG_WARN_UNGUARDED_AVAILABILITY = YES_AGGRESSIVE;
				CLANG_WARN_UNREACHABLE_CODE = YES;
				CLANG_WARN__DUPLICATE_METHOD_MATCH = YES;
				COPY_PHASE_STRIP = NO;
				DEBUG_INFORMATION_FORMAT = "dwarf-with-dsym";
				ENABLE_NS_ASSERTIONS = NO;
				ENABLE_STRICT_OBJC_MSGSEND = YES;
				GCC_C_LANGUAGE_STANDARD = gnu11;
				GCC_NO_COMMON_BLOCKS = YES;
				GCC_WARN_64_TO_32_BIT_CONVERSION = YES;
				GCC_WARN_ABOUT_RETURN_TYPE = YES_ERROR;
				GCC_WARN_UNDECLARED_SELECTOR = YES;
				GCC_WARN_UNINITIALIZED_AUTOS = YES_AGGRESSIVE;
				GCC_WARN_UNUSED_FUNCTION = YES;
				GCC_WARN_UNUSED_VARIABLE = YES;
				IPHONEOS_DEPLOYMENT_TARGET = 16.2;
				MTL_ENABLE_DEBUG_INFO = NO;
				MTL_FAST_MATH = YES;
				SDKROOT = iphoneos;
				SWIFT_COMPILATION_MODE = wholemodule;
				SWIFT_OPTIMIZATION_LEVEL = "-O";
				VALIDATE_PRODUCT = YES;
			};
			name = Release;
		};
		2A9E85ED2ACD679800D22C16 /* Debug */ = {
			isa = XCBuildConfiguration;
			buildSettings = {
				ASSETCATALOG_COMPILER_APPICON_NAME = AppIcon;
				ASSETCATALOG_COMPILER_GLOBAL_ACCENT_COLOR_NAME = AccentColor;
				CODE_SIGN_STYLE = Automatic;
				CURRENT_PROJECT_VERSION = 1;
				DEVELOPMENT_TEAM = 349HWJV2J8;
				GENERATE_INFOPLIST_FILE = YES;
				INFOPLIST_FILE = DO_SOPT_Seminar_Assignment/Info.plist;
				INFOPLIST_KEY_UIApplicationSupportsIndirectInputEvents = YES;
				INFOPLIST_KEY_UILaunchStoryboardName = LaunchScreen;
				INFOPLIST_KEY_UISupportedInterfaceOrientations_iPad = "UIInterfaceOrientationPortrait UIInterfaceOrientationPortraitUpsideDown UIInterfaceOrientationLandscapeLeft UIInterfaceOrientationLandscapeRight";
				INFOPLIST_KEY_UISupportedInterfaceOrientations_iPhone = "UIInterfaceOrientationPortrait UIInterfaceOrientationLandscapeLeft UIInterfaceOrientationLandscapeRight";
				LD_RUNPATH_SEARCH_PATHS = (
					"$(inherited)",
					"@executable_path/Frameworks",
				);
				MARKETING_VERSION = 1.0;
				PRODUCT_BUNDLE_IDENTIFIER = "com.naver-heejoo-byun.DO-SOPT-Seminar-Assignment";
				PRODUCT_NAME = "$(TARGET_NAME)";
				SWIFT_EMIT_LOC_STRINGS = YES;
				SWIFT_VERSION = 5.0;
				TARGETED_DEVICE_FAMILY = "1,2";
			};
			name = Debug;
		};
		2A9E85EE2ACD679800D22C16 /* Release */ = {
			isa = XCBuildConfiguration;
			buildSettings = {
				ASSETCATALOG_COMPILER_APPICON_NAME = AppIcon;
				ASSETCATALOG_COMPILER_GLOBAL_ACCENT_COLOR_NAME = AccentColor;
				CODE_SIGN_STYLE = Automatic;
				CURRENT_PROJECT_VERSION = 1;
				DEVELOPMENT_TEAM = 349HWJV2J8;
				GENERATE_INFOPLIST_FILE = YES;
				INFOPLIST_FILE = DO_SOPT_Seminar_Assignment/Info.plist;
				INFOPLIST_KEY_UIApplicationSupportsIndirectInputEvents = YES;
				INFOPLIST_KEY_UILaunchStoryboardName = LaunchScreen;
				INFOPLIST_KEY_UISupportedInterfaceOrientations_iPad = "UIInterfaceOrientationPortrait UIInterfaceOrientationPortraitUpsideDown UIInterfaceOrientationLandscapeLeft UIInterfaceOrientationLandscapeRight";
				INFOPLIST_KEY_UISupportedInterfaceOrientations_iPhone = "UIInterfaceOrientationPortrait UIInterfaceOrientationLandscapeLeft UIInterfaceOrientationLandscapeRight";
				LD_RUNPATH_SEARCH_PATHS = (
					"$(inherited)",
					"@executable_path/Frameworks",
				);
				MARKETING_VERSION = 1.0;
				PRODUCT_BUNDLE_IDENTIFIER = "com.naver-heejoo-byun.DO-SOPT-Seminar-Assignment";
				PRODUCT_NAME = "$(TARGET_NAME)";
				SWIFT_EMIT_LOC_STRINGS = YES;
				SWIFT_VERSION = 5.0;
				TARGETED_DEVICE_FAMILY = "1,2";
			};
			name = Release;
		};
/* End XCBuildConfiguration section */

/* Begin XCConfigurationList section */
		2A9E85D32ACD679600D22C16 /* Build configuration list for PBXProject "DO_SOPT_Seminar_Assignment" */ = {
			isa = XCConfigurationList;
			buildConfigurations = (
				2A9E85EA2ACD679800D22C16 /* Debug */,
				2A9E85EB2ACD679800D22C16 /* Release */,
			);
			defaultConfigurationIsVisible = 0;
			defaultConfigurationName = Release;
		};
		2A9E85EC2ACD679800D22C16 /* Build configuration list for PBXNativeTarget "DO_SOPT_Seminar_Assignment" */ = {
			isa = XCConfigurationList;
			buildConfigurations = (
				2A9E85ED2ACD679800D22C16 /* Debug */,
				2A9E85EE2ACD679800D22C16 /* Release */,
			);
			defaultConfigurationIsVisible = 0;
			defaultConfigurationName = Release;
		};
/* End XCConfigurationList section */

/* Begin XCRemoteSwiftPackageReference section */
		2A1D15BD2ADE5F6C00FB5B9F /* XCRemoteSwiftPackageReference "SnapKit" */ = {
			isa = XCRemoteSwiftPackageReference;
			repositoryURL = "https://github.com/SnapKit/SnapKit.git";
			requirement = {
				kind = upToNextMajorVersion;
				minimumVersion = 5.0.0;
			};
		};
		2A1D15C02ADE5F7700FB5B9F /* XCRemoteSwiftPackageReference "Then" */ = {
			isa = XCRemoteSwiftPackageReference;
			repositoryURL = "https://github.com/devxoul/Then.git";
			requirement = {
				kind = upToNextMajorVersion;
				minimumVersion = 3.0.0;
			};
		};
/* End XCRemoteSwiftPackageReference section */

/* Begin XCSwiftPackageProductDependency section */
		2A1D15BE2ADE5F6C00FB5B9F /* SnapKit */ = {
			isa = XCSwiftPackageProductDependency;
			package = 2A1D15BD2ADE5F6C00FB5B9F /* XCRemoteSwiftPackageReference "SnapKit" */;
			productName = SnapKit;
		};
		2A1D15C12ADE5F7700FB5B9F /* Then */ = {
			isa = XCSwiftPackageProductDependency;
			package = 2A1D15C02ADE5F7700FB5B9F /* XCRemoteSwiftPackageReference "Then" */;
			productName = Then;
		};
/* End XCSwiftPackageProductDependency section */
	};
	rootObject = 2A9E85D02ACD679600D22C16 /* Project object */;
}
