// !$*UTF8*$!
{
	archiveVersion = 1;
	classes = {
	};
	objectVersion = 56;
	objects = {

/* Begin PBXBuildFile section */
		2A1D159D2ADE4C7F00FB5B9F /* SF-Pro-Display-Light.otf in Resources */ = {isa = PBXBuildFile; fileRef = 2A1D159C2ADE4C7F00FB5B9F /* SF-Pro-Display-Light.otf */; };
		2A1D159F2ADE4C8A00FB5B9F /* SF-Pro-Display-Medium.otf in Resources */ = {isa = PBXBuildFile; fileRef = 2A1D159E2ADE4C8A00FB5B9F /* SF-Pro-Display-Medium.otf */; };
		2A1D15A12ADE4C9100FB5B9F /* SF-Pro-Display-Regular.otf in Resources */ = {isa = PBXBuildFile; fileRef = 2A1D15A02ADE4C9100FB5B9F /* SF-Pro-Display-Regular.otf */; };
		2A1D15A32ADE4CA000FB5B9F /* SF-Pro-Display-Thin.otf in Resources */ = {isa = PBXBuildFile; fileRef = 2A1D15A22ADE4CA000FB5B9F /* SF-Pro-Display-Thin.otf */; };
		2A1D15A52ADE4CB800FB5B9F /* SF-Pro-Display-Bold.otf in Resources */ = {isa = PBXBuildFile; fileRef = 2A1D15A42ADE4CB800FB5B9F /* SF-Pro-Display-Bold.otf */; };
		2A1D15A72ADE4D5300FB5B9F /* UIFont+.swift in Sources */ = {isa = PBXBuildFile; fileRef = 2A1D15A62ADE4D5300FB5B9F /* UIFont+.swift */; };
		2A1D15A92ADE4FD900FB5B9F /* UIView+.swift in Sources */ = {isa = PBXBuildFile; fileRef = 2A1D15A82ADE4FD900FB5B9F /* UIView+.swift */; };
		2A1D15AB2ADE504C00FB5B9F /* UIStackView+.swift in Sources */ = {isa = PBXBuildFile; fileRef = 2A1D15AA2ADE504C00FB5B9F /* UIStackView+.swift */; };
		2A1D15AF2ADE52A500FB5B9F /* ImageLiterals.swift in Sources */ = {isa = PBXBuildFile; fileRef = 2A1D15AE2ADE52A500FB5B9F /* ImageLiterals.swift */; };
		2A1D15B22ADE530500FB5B9F /* UIImage+.swift in Sources */ = {isa = PBXBuildFile; fileRef = 2A1D15B12ADE530500FB5B9F /* UIImage+.swift */; };
		2A1D15BF2ADE5F6C00FB5B9F /* SnapKit in Frameworks */ = {isa = PBXBuildFile; productRef = 2A1D15BE2ADE5F6C00FB5B9F /* SnapKit */; };
		2A1D15C22ADE5F7700FB5B9F /* Then in Frameworks */ = {isa = PBXBuildFile; productRef = 2A1D15C12ADE5F7700FB5B9F /* Then */; };
		2A1D15C42ADE6EA700FB5B9F /* PageNavigationController.swift in Sources */ = {isa = PBXBuildFile; fileRef = 2A1D15C32ADE6EA700FB5B9F /* PageNavigationController.swift */; };
		2A1D15C82AEA89CF00FB5B9F /* WeatherDetailSecondViewController.swift in Sources */ = {isa = PBXBuildFile; fileRef = 2A1D15C72AEA89CF00FB5B9F /* WeatherDetailSecondViewController.swift */; };
		2A1D15CA2AEA89F700FB5B9F /* WeatherDetailThirdViewController.swift in Sources */ = {isa = PBXBuildFile; fileRef = 2A1D15C92AEA89F700FB5B9F /* WeatherDetailThirdViewController.swift */; };
		2A1D15CC2AEA8A8000FB5B9F /* WeatherDetailFirstViewController.swift in Sources */ = {isa = PBXBuildFile; fileRef = 2A1D15CB2AEA8A8000FB5B9F /* WeatherDetailFirstViewController.swift */; };
		2A1D15D02AEA8F8300FB5B9F /* StringLiterals.swift in Sources */ = {isa = PBXBuildFile; fileRef = 2A1D15CF2AEA8F8300FB5B9F /* StringLiterals.swift */; };
		2A1D15D22AEAA3A200FB5B9F /* CALayer+.swift in Sources */ = {isa = PBXBuildFile; fileRef = 2A1D15D12AEAA3A200FB5B9F /* CALayer+.swift */; };
		2A1D15D42AEAAE8A00FB5B9F /* WeatherContentView.swift in Sources */ = {isa = PBXBuildFile; fileRef = 2A1D15D32AEAAE8A00FB5B9F /* WeatherContentView.swift */; };
		2A1D15D62AEAB18200FB5B9F /* WeatherDetail.swift in Sources */ = {isa = PBXBuildFile; fileRef = 2A1D15D52AEAB18200FB5B9F /* WeatherDetail.swift */; };
		2A1D15D82AEABA0B00FB5B9F /* Adjust+.swift in Sources */ = {isa = PBXBuildFile; fileRef = 2A1D15D72AEABA0B00FB5B9F /* Adjust+.swift */; };
		2A9E85DC2ACD679600D22C16 /* AppDelegate.swift in Sources */ = {isa = PBXBuildFile; fileRef = 2A9E85DB2ACD679600D22C16 /* AppDelegate.swift */; };
		2A9E85DE2ACD679600D22C16 /* SceneDelegate.swift in Sources */ = {isa = PBXBuildFile; fileRef = 2A9E85DD2ACD679600D22C16 /* SceneDelegate.swift */; };
		2A9E85E02ACD679600D22C16 /* WeatherViewController.swift in Sources */ = {isa = PBXBuildFile; fileRef = 2A9E85DF2ACD679600D22C16 /* WeatherViewController.swift */; };
		2A9E85E52ACD679800D22C16 /* Assets.xcassets in Resources */ = {isa = PBXBuildFile; fileRef = 2A9E85E42ACD679800D22C16 /* Assets.xcassets */; };
		2A9E85E82ACD679800D22C16 /* LaunchScreen.storyboard in Resources */ = {isa = PBXBuildFile; fileRef = 2A9E85E62ACD679800D22C16 /* LaunchScreen.storyboard */; };
/* End PBXBuildFile section */

/* Begin PBXFileReference section */
		2A1D159C2ADE4C7F00FB5B9F /* SF-Pro-Display-Light.otf */ = {isa = PBXFileReference; lastKnownFileType = file; path = "SF-Pro-Display-Light.otf"; sourceTree = "<group>"; };
		2A1D159E2ADE4C8A00FB5B9F /* SF-Pro-Display-Medium.otf */ = {isa = PBXFileReference; lastKnownFileType = file; path = "SF-Pro-Display-Medium.otf"; sourceTree = "<group>"; };
		2A1D15A02ADE4C9100FB5B9F /* SF-Pro-Display-Regular.otf */ = {isa = PBXFileReference; lastKnownFileType = file; path = "SF-Pro-Display-Regular.otf"; sourceTree = "<group>"; };
		2A1D15A22ADE4CA000FB5B9F /* SF-Pro-Display-Thin.otf */ = {isa = PBXFileReference; lastKnownFileType = file; path = "SF-Pro-Display-Thin.otf"; sourceTree = "<group>"; };
		2A1D15A42ADE4CB800FB5B9F /* SF-Pro-Display-Bold.otf */ = {isa = PBXFileReference; lastKnownFileType = file; path = "SF-Pro-Display-Bold.otf"; sourceTree = "<group>"; };
		2A1D15A62ADE4D5300FB5B9F /* UIFont+.swift */ = {isa = PBXFileReference; lastKnownFileType = sourcecode.swift; path = "UIFont+.swift"; sourceTree = "<group>"; };
		2A1D15A82ADE4FD900FB5B9F /* UIView+.swift */ = {isa = PBXFileReference; lastKnownFileType = sourcecode.swift; path = "UIView+.swift"; sourceTree = "<group>"; };
		2A1D15AA2ADE504C00FB5B9F /* UIStackView+.swift */ = {isa = PBXFileReference; lastKnownFileType = sourcecode.swift; path = "UIStackView+.swift"; sourceTree = "<group>"; };
		2A1D15AE2ADE52A500FB5B9F /* ImageLiterals.swift */ = {isa = PBXFileReference; lastKnownFileType = sourcecode.swift; path = ImageLiterals.swift; sourceTree = "<group>"; };
		2A1D15B12ADE530500FB5B9F /* UIImage+.swift */ = {isa = PBXFileReference; lastKnownFileType = sourcecode.swift; path = "UIImage+.swift"; sourceTree = "<group>"; };
		2A1D15C32ADE6EA700FB5B9F /* PageNavigationController.swift */ = {isa = PBXFileReference; lastKnownFileType = sourcecode.swift; path = PageNavigationController.swift; sourceTree = "<group>"; };
		2A1D15C72AEA89CF00FB5B9F /* WeatherDetailSecondViewController.swift */ = {isa = PBXFileReference; lastKnownFileType = sourcecode.swift; path = WeatherDetailSecondViewController.swift; sourceTree = "<group>"; };
		2A1D15C92AEA89F700FB5B9F /* WeatherDetailThirdViewController.swift */ = {isa = PBXFileReference; lastKnownFileType = sourcecode.swift; path = WeatherDetailThirdViewController.swift; sourceTree = "<group>"; };
		2A1D15CB2AEA8A8000FB5B9F /* WeatherDetailFirstViewController.swift */ = {isa = PBXFileReference; lastKnownFileType = sourcecode.swift; path = WeatherDetailFirstViewController.swift; sourceTree = "<group>"; };
		2A1D15CF2AEA8F8300FB5B9F /* StringLiterals.swift */ = {isa = PBXFileReference; lastKnownFileType = sourcecode.swift; path = StringLiterals.swift; sourceTree = "<group>"; };
		2A1D15D12AEAA3A200FB5B9F /* CALayer+.swift */ = {isa = PBXFileReference; lastKnownFileType = sourcecode.swift; path = "CALayer+.swift"; sourceTree = "<group>"; };
		2A1D15D32AEAAE8A00FB5B9F /* WeatherContentView.swift */ = {isa = PBXFileReference; lastKnownFileType = sourcecode.swift; path = WeatherContentView.swift; sourceTree = "<group>"; };
		2A1D15D52AEAB18200FB5B9F /* WeatherDetail.swift */ = {isa = PBXFileReference; lastKnownFileType = sourcecode.swift; path = WeatherDetail.swift; sourceTree = "<group>"; };
		2A1D15D72AEABA0B00FB5B9F /* Adjust+.swift */ = {isa = PBXFileReference; lastKnownFileType = sourcecode.swift; path = "Adjust+.swift"; sourceTree = "<group>"; };
		2A9E85D82ACD679600D22C16 /* DO_SOPT_Seminar_Assignment.app */ = {isa = PBXFileReference; explicitFileType = wrapper.application; includeInIndex = 0; path = DO_SOPT_Seminar_Assignment.app; sourceTree = BUILT_PRODUCTS_DIR; };
		2A9E85DB2ACD679600D22C16 /* AppDelegate.swift */ = {isa = PBXFileReference; lastKnownFileType = sourcecode.swift; path = AppDelegate.swift; sourceTree = "<group>"; };
		2A9E85DD2ACD679600D22C16 /* SceneDelegate.swift */ = {isa = PBXFileReference; lastKnownFileType = sourcecode.swift; path = SceneDelegate.swift; sourceTree = "<group>"; };
		2A9E85DF2ACD679600D22C16 /* WeatherViewController.swift */ = {isa = PBXFileReference; lastKnownFileType = sourcecode.swift; path = WeatherViewController.swift; sourceTree = "<group>"; };
		2A9E85E42ACD679800D22C16 /* Assets.xcassets */ = {isa = PBXFileReference; lastKnownFileType = folder.assetcatalog; path = Assets.xcassets; sourceTree = "<group>"; };
		2A9E85E72ACD679800D22C16 /* Base */ = {isa = PBXFileReference; lastKnownFileType = file.storyboard; name = Base; path = Base.lproj/LaunchScreen.storyboard; sourceTree = "<group>"; };
		2A9E85E92ACD679800D22C16 /* Info.plist */ = {isa = PBXFileReference; lastKnownFileType = text.plist.xml; path = Info.plist; sourceTree = "<group>"; };
/* End PBXFileReference section */

/* Begin PBXFrameworksBuildPhase section */
		2A9E85D52ACD679600D22C16 /* Frameworks */ = {
			isa = PBXFrameworksBuildPhase;
			buildActionMask = 2147483647;
			files = (
				2A1D15BF2ADE5F6C00FB5B9F /* SnapKit in Frameworks */,
				2A1D15C22ADE5F7700FB5B9F /* Then in Frameworks */,
			);
			runOnlyForDeploymentPostprocessing = 0;
		};
/* End PBXFrameworksBuildPhase section */

/* Begin PBXGroup section */
		2A1D159B2ADE4C6F00FB5B9F /* Fonts */ = {
			isa = PBXGroup;
			children = (
				2A1D15A42ADE4CB800FB5B9F /* SF-Pro-Display-Bold.otf */,
				2A1D15A22ADE4CA000FB5B9F /* SF-Pro-Display-Thin.otf */,
				2A1D15A02ADE4C9100FB5B9F /* SF-Pro-Display-Regular.otf */,
				2A1D159C2ADE4C7F00FB5B9F /* SF-Pro-Display-Light.otf */,
				2A1D159E2ADE4C8A00FB5B9F /* SF-Pro-Display-Medium.otf */,
			);
			path = Fonts;
			sourceTree = "<group>";
		};
		2A1D15AD2ADE529400FB5B9F /* Literals */ = {
			isa = PBXGroup;
			children = (
				2A1D15AE2ADE52A500FB5B9F /* ImageLiterals.swift */,
				2A1D15CF2AEA8F8300FB5B9F /* StringLiterals.swift */,
			);
			path = Literals;
			sourceTree = "<group>";
		};
		2A1D15CD2AEA8F4800FB5B9F /* Main */ = {
			isa = PBXGroup;
			children = (
				2A9E85DF2ACD679600D22C16 /* WeatherViewController.swift */,
			);
			path = Main;
			sourceTree = "<group>";
		};
		2A1D15CE2AEA8F5100FB5B9F /* Detail */ = {
			isa = PBXGroup;
			children = (
				2A1D15C32ADE6EA700FB5B9F /* PageNavigationController.swift */,
				2A1D15CB2AEA8A8000FB5B9F /* WeatherDetailFirstViewController.swift */,
				2A1D15C72AEA89CF00FB5B9F /* WeatherDetailSecondViewController.swift */,
				2A1D15C92AEA89F700FB5B9F /* WeatherDetailThirdViewController.swift */,
				2A1D15D32AEAAE8A00FB5B9F /* WeatherContentView.swift */,
				2A1D15D52AEAB18200FB5B9F /* WeatherDetail.swift */,
			);
			path = Detail;
			sourceTree = "<group>";
		};
		2A87230D2ADD886700031C21 /* Application */ = {
			isa = PBXGroup;
			children = (
				2A9E85DD2ACD679600D22C16 /* SceneDelegate.swift */,
				2A9E85DB2ACD679600D22C16 /* AppDelegate.swift */,
			);
			path = Application;
			sourceTree = "<group>";
		};
		2A87230E2ADD887C00031C21 /* Global */ = {
			isa = PBXGroup;
			children = (
				2A1D15AD2ADE529400FB5B9F /* Literals */,
				2A87230F2ADD888800031C21 /* Extensions */,
				2A8723102ADD889B00031C21 /* Resources */,
			);
			path = Global;
			sourceTree = "<group>";
		};
		2A87230F2ADD888800031C21 /* Extensions */ = {
			isa = PBXGroup;
			children = (
				2A1D15A62ADE4D5300FB5B9F /* UIFont+.swift */,
				2A1D15B12ADE530500FB5B9F /* UIImage+.swift */,
				2A1D15A82ADE4FD900FB5B9F /* UIView+.swift */,
				2A1D15AA2ADE504C00FB5B9F /* UIStackView+.swift */,
				2A1D15D12AEAA3A200FB5B9F /* CALayer+.swift */,
				2A1D15D72AEABA0B00FB5B9F /* Adjust+.swift */,
			);
			path = Extensions;
			sourceTree = "<group>";
		};
		2A8723102ADD889B00031C21 /* Resources */ = {
			isa = PBXGroup;
			children = (
				2A1D159B2ADE4C6F00FB5B9F /* Fonts */,
				2A9E85E62ACD679800D22C16 /* LaunchScreen.storyboard */,
				2A9E85E42ACD679800D22C16 /* Assets.xcassets */,
			);
			path = Resources;
			sourceTree = "<group>";
		};
		2A8723112ADD88B800031C21 /* Presentation */ = {
			isa = PBXGroup;
			children = (
				2A8723122ADD88D100031C21 /* SecondSeminar */,
			);
			path = Presentation;
			sourceTree = "<group>";
		};
		2A8723122ADD88D100031C21 /* SecondSeminar */ = {
			isa = PBXGroup;
			children = (
				2A1D15CD2AEA8F4800FB5B9F /* Main */,
				2A1D15CE2AEA8F5100FB5B9F /* Detail */,
			);
			path = SecondSeminar;
			sourceTree = "<group>";
		};
		2A9E85CF2ACD679600D22C16 = {
			isa = PBXGroup;
			children = (
				2A9E85DA2ACD679600D22C16 /* DO_SOPT_Seminar_Assignment */,
				2A9E85D92ACD679600D22C16 /* Products */,
			);
			sourceTree = "<group>";
		};
		2A9E85D92ACD679600D22C16 /* Products */ = {
			isa = PBXGroup;
			children = (
				2A9E85D82ACD679600D22C16 /* DO_SOPT_Seminar_Assignment.app */,
			);
			name = Products;
			sourceTree = "<group>";
		};
		2A9E85DA2ACD679600D22C16 /* DO_SOPT_Seminar_Assignment */ = {
			isa = PBXGroup;
			children = (
				2A87230D2ADD886700031C21 /* Application */,
				2A87230E2ADD887C00031C21 /* Global */,
				2A8723112ADD88B800031C21 /* Presentation */,
				2A9E85E92ACD679800D22C16 /* Info.plist */,
			);
			path = DO_SOPT_Seminar_Assignment;
			sourceTree = "<group>";
		};
/* End PBXGroup section */

/* Begin PBXNativeTarget section */
		2A9E85D72ACD679600D22C16 /* DO_SOPT_Seminar_Assignment */ = {
			isa = PBXNativeTarget;
			buildConfigurationList = 2A9E85EC2ACD679800D22C16 /* Build configuration list for PBXNativeTarget "DO_SOPT_Seminar_Assignment" */;
			buildPhases = (
				2A9E85D42ACD679600D22C16 /* Sources */,
				2A9E85D52ACD679600D22C16 /* Frameworks */,
				2A9E85D62ACD679600D22C16 /* Resources */,
			);
			buildRules = (
			);
			dependencies = (
			);
			name = DO_SOPT_Seminar_Assignment;
			packageProductDependencies = (
				2A1D15BE2ADE5F6C00FB5B9F /* SnapKit */,
				2A1D15C12ADE5F7700FB5B9F /* Then */,
			);
			productName = DO_SOPT_Seminar_Assignment;
			productReference = 2A9E85D82ACD679600D22C16 /* DO_SOPT_Seminar_Assignment.app */;
			productType = "com.apple.product-type.application";
		};
/* End PBXNativeTarget section */

/* Begin PBXProject section */
		2A9E85D02ACD679600D22C16 /* Project object */ = {
			isa = PBXProject;
			attributes = {
				BuildIndependentTargetsInParallel = 1;
				LastSwiftUpdateCheck = 1420;
				LastUpgradeCheck = 1420;
				TargetAttributes = {
					2A9E85D72ACD679600D22C16 = {
						CreatedOnToolsVersion = 14.2;
					};
				};
			};
			buildConfigurationList = 2A9E85D32ACD679600D22C16 /* Build configuration list for PBXProject "DO_SOPT_Seminar_Assignment" */;
			compatibilityVersion = "Xcode 14.0";
			developmentRegion = en;
			hasScannedForEncodings = 0;
			knownRegions = (
				en,
				Base,
			);
			mainGroup = 2A9E85CF2ACD679600D22C16;
			packageReferences = (
				2A1D15BD2ADE5F6C00FB5B9F /* XCRemoteSwiftPackageReference "SnapKit" */,
				2A1D15C02ADE5F7700FB5B9F /* XCRemoteSwiftPackageReference "Then" */,
			);
			productRefGroup = 2A9E85D92ACD679600D22C16 /* Products */;
			projectDirPath = "";
			projectRoot = "";
			targets = (
				2A9E85D72ACD679600D22C16 /* DO_SOPT_Seminar_Assignment */,
			);
		};
/* End PBXProject section */

/* Begin PBXResourcesBuildPhase section */
		2A9E85D62ACD679600D22C16 /* Resources */ = {
			isa = PBXResourcesBuildPhase;
			buildActionMask = 2147483647;
			files = (
				2A1D159F2ADE4C8A00FB5B9F /* SF-Pro-Display-Medium.otf in Resources */,
				2A9E85E82ACD679800D22C16 /* LaunchScreen.storyboard in Resources */,
				2A1D15A32ADE4CA000FB5B9F /* SF-Pro-Display-Thin.otf in Resources */,
				2A1D159D2ADE4C7F00FB5B9F /* SF-Pro-Display-Light.otf in Resources */,
				2A1D15A52ADE4CB800FB5B9F /* SF-Pro-Display-Bold.otf in Resources */,
				2A1D15A12ADE4C9100FB5B9F /* SF-Pro-Display-Regular.otf in Resources */,
				2A9E85E52ACD679800D22C16 /* Assets.xcassets in Resources */,
			);
			runOnlyForDeploymentPostprocessing = 0;
		};
/* End PBXResourcesBuildPhase section */

/* Begin PBXSourcesBuildPhase section */
		2A9E85D42ACD679600D22C16 /* Sources */ = {
			isa = PBXSourcesBuildPhase;
			buildActionMask = 2147483647;
			files = (
				2A1D15C42ADE6EA700FB5B9F /* PageNavigationController.swift in Sources */,
				2A1D15D62AEAB18200FB5B9F /* WeatherDetail.swift in Sources */,
				2A1D15CC2AEA8A8000FB5B9F /* WeatherDetailFirstViewController.swift in Sources */,
				2A1D15A72ADE4D5300FB5B9F /* UIFont+.swift in Sources */,
				2A1D15CA2AEA89F700FB5B9F /* WeatherDetailThirdViewController.swift in Sources */,
				2A1D15D42AEAAE8A00FB5B9F /* WeatherContentView.swift in Sources */,
				2A1D15C82AEA89CF00FB5B9F /* WeatherDetailSecondViewController.swift in Sources */,
				2A1D15AB2ADE504C00FB5B9F /* UIStackView+.swift in Sources */,
				2A9E85E02ACD679600D22C16 /* WeatherViewController.swift in Sources */,
				2A1D15D22AEAA3A200FB5B9F /* CALayer+.swift in Sources */,
				2A1D15D82AEABA0B00FB5B9F /* Adjust+.swift in Sources */,
				2A9E85DC2ACD679600D22C16 /* AppDelegate.swift in Sources */,
				2A9E85DE2ACD679600D22C16 /* SceneDelegate.swift in Sources */,
				2A1D15B22ADE530500FB5B9F /* UIImage+.swift in Sources */,
				2A1D15AF2ADE52A500FB5B9F /* ImageLiterals.swift in Sources */,
				2A1D15D02AEA8F8300FB5B9F /* StringLiterals.swift in Sources */,
				2A1D15A92ADE4FD900FB5B9F /* UIView+.swift in Sources */,
			);
			runOnlyForDeploymentPostprocessing = 0;
		};
/* End PBXSourcesBuildPhase section */

/* Begin PBXVariantGroup section */
		2A9E85E62ACD679800D22C16 /* LaunchScreen.storyboard */ = {
			isa = PBXVariantGroup;
			children = (
				2A9E85E72ACD679800D22C16 /* Base */,
			);
			name = LaunchScreen.storyboard;
			sourceTree = "<group>";
		};
/* End PBXVariantGroup section */

/* Begin XCBuildConfiguration section */
		2A9E85EA2ACD679800D22C16 /* Debug */ = {
			isa = XCBuildConfiguration;
			buildSettings = {
				ALWAYS_SEARCH_USER_PATHS = NO;
				CLANG_ANALYZER_NONNULL = YES;
				CLANG_ANALYZER_NUMBER_OBJECT_CONVERSION = YES_AGGRESSIVE;
				CLANG_CXX_LANGUAGE_STANDARD = "gnu++20";
				CLANG_ENABLE_MODULES = YES;
				CLANG_ENABLE_OBJC_ARC = YES;
				CLANG_ENABLE_OBJC_WEAK = YES;
				CLANG_WARN_BLOCK_CAPTURE_AUTORELEASING = YES;
				CLANG_WARN_BOOL_CONVERSION = YES;
				CLANG_WARN_COMMA = YES;
				CLANG_WARN_CONSTANT_CONVERSION = YES;
				CLANG_WARN_DEPRECATED_OBJC_IMPLEMENTATIONS = YES;
				CLANG_WARN_DIRECT_OBJC_ISA_USAGE = YES_ERROR;
				CLANG_WARN_DOCUMENTATION_COMMENTS = YES;
				CLANG_WARN_EMPTY_BODY = YES;
				CLANG_WARN_ENUM_CONVERSION = YES;
				CLANG_WARN_INFINITE_RECURSION = YES;
				CLANG_WARN_INT_CONVERSION = YES;
				CLANG_WARN_NON_LITERAL_NULL_CONVERSION = YES;
				CLANG_WARN_OBJC_IMPLICIT_RETAIN_SELF = YES;
				CLANG_WARN_OBJC_LITERAL_CONVERSION = YES;
				CLANG_WARN_OBJC_ROOT_CLASS = YES_ERROR;
				CLANG_WARN_QUOTED_INCLUDE_IN_FRAMEWORK_HEADER = YES;
				CLANG_WARN_RANGE_LOOP_ANALYSIS = YES;
				CLANG_WARN_STRICT_PROTOTYPES = YES;
				CLANG_WARN_SUSPICIOUS_MOVE = YES;
				CLANG_WARN_UNGUARDED_AVAILABILITY = YES_AGGRESSIVE;
				CLANG_WARN_UNREACHABLE_CODE = YES;
				CLANG_WARN__DUPLICATE_METHOD_MATCH = YES;
				COPY_PHASE_STRIP = NO;
				DEBUG_INFORMATION_FORMAT = dwarf;
				ENABLE_STRICT_OBJC_MSGSEND = YES;
				ENABLE_TESTABILITY = YES;
				GCC_C_LANGUAGE_STANDARD = gnu11;
				GCC_DYNAMIC_NO_PIC = NO;
				GCC_NO_COMMON_BLOCKS = YES;
				GCC_OPTIMIZATION_LEVEL = 0;
				GCC_PREPROCESSOR_DEFINITIONS = (
					"DEBUG=1",
					"$(inherited)",
				);
				GCC_WARN_64_TO_32_BIT_CONVERSION = YES;
				GCC_WARN_ABOUT_RETURN_TYPE = YES_ERROR;
				GCC_WARN_UNDECLARED_SELECTOR = YES;
				GCC_WARN_UNINITIALIZED_AUTOS = YES_AGGRESSIVE;
				GCC_WARN_UNUSED_FUNCTION = YES;
				GCC_WARN_UNUSED_VARIABLE = YES;
				IPHONEOS_DEPLOYMENT_TARGET = 16.2;
				MTL_ENABLE_DEBUG_INFO = INCLUDE_SOURCE;
				MTL_FAST_MATH = YES;
				ONLY_ACTIVE_ARCH = YES;
				SDKROOT = iphoneos;
				SWIFT_ACTIVE_COMPILATION_CONDITIONS = DEBUG;
				SWIFT_OPTIMIZATION_LEVEL = "-Onone";
			};
			name = Debug;
		};
		2A9E85EB2ACD679800D22C16 /* Release */ = {
			isa = XCBuildConfiguration;
			buildSettings = {
				ALWAYS_SEARCH_USER_PATHS = NO;
				CLANG_ANALYZER_NONNULL = YES;
				CLANG_ANALYZER_NUMBER_OBJECT_CONVERSION = YES_AGGRESSIVE;
				CLANG_CXX_LANGUAGE_STANDARD = "gnu++20";
				CLANG_ENABLE_MODULES = YES;
				CLANG_ENABLE_OBJC_ARC = YES;
				CLANG_ENABLE_OBJC_WEAK = YES;
				CLANG_WARN_BLOCK_CAPTURE_AUTORELEASING = YES;
				CLANG_WARN_BOOL_CONVERSION = YES;
				CLANG_WARN_COMMA = YES;
				CLANG_WARN_CONSTANT_CONVERSION = YES;
				CLANG_WARN_DEPRECATED_OBJC_IMPLEMENTATIONS = YES;
				CLANG_WARN_DIRECT_OBJC_ISA_USAGE = YES_ERROR;
				CLANG_WARN_DOCUMENTATION_COMMENTS = YES;
				CLANG_WARN_EMPTY_BODY = YES;
				CLANG_WARN_ENUM_CONVERSION = YES;
				CLANG_WARN_INFINITE_RECURSION = YES;
				CLANG_WARN_INT_CONVERSION = YES;
				CLANG_WARN_NON_LITERAL_NULL_CONVERSION = YES;
				CLANG_WARN_OBJC_IMPLICIT_RETAIN_SELF = YES;
				CLANG_WARN_OBJC_LITERAL_CONVERSION = YES;
				CLANG_WARN_OBJC_ROOT_CLASS = YES_ERROR;
				CLANG_WARN_QUOTED_INCLUDE_IN_FRAMEWORK_HEADER = YES;
				CLANG_WARN_RANGE_LOOP_ANALYSIS = YES;
				CLANG_WARN_STRICT_PROTOTYPES = YES;
				CLANG_WARN_SUSPICIOUS_MOVE = YES;
				CLANG_WARN_UNGUARDED_AVAILABILITY = YES_AGGRESSIVE;
				CLANG_WARN_UNREACHABLE_CODE = YES;
				CLANG_WARN__DUPLICATE_METHOD_MATCH = YES;
				COPY_PHASE_STRIP = NO;
				DEBUG_INFORMATION_FORMAT = "dwarf-with-dsym";
				ENABLE_NS_ASSERTIONS = NO;
				ENABLE_STRICT_OBJC_MSGSEND = YES;
				GCC_C_LANGUAGE_STANDARD = gnu11;
				GCC_NO_COMMON_BLOCKS = YES;
				GCC_WARN_64_TO_32_BIT_CONVERSION = YES;
				GCC_WARN_ABOUT_RETURN_TYPE = YES_ERROR;
				GCC_WARN_UNDECLARED_SELECTOR = YES;
				GCC_WARN_UNINITIALIZED_AUTOS = YES_AGGRESSIVE;
				GCC_WARN_UNUSED_FUNCTION = YES;
				GCC_WARN_UNUSED_VARIABLE = YES;
				IPHONEOS_DEPLOYMENT_TARGET = 16.2;
				MTL_ENABLE_DEBUG_INFO = NO;
				MTL_FAST_MATH = YES;
				SDKROOT = iphoneos;
				SWIFT_COMPILATION_MODE = wholemodule;
				SWIFT_OPTIMIZATION_LEVEL = "-O";
				VALIDATE_PRODUCT = YES;
			};
			name = Release;
		};
		2A9E85ED2ACD679800D22C16 /* Debug */ = {
			isa = XCBuildConfiguration;
			buildSettings = {
				ASSETCATALOG_COMPILER_APPICON_NAME = AppIcon;
				ASSETCATALOG_COMPILER_GLOBAL_ACCENT_COLOR_NAME = AccentColor;
				CODE_SIGN_STYLE = Automatic;
				CURRENT_PROJECT_VERSION = 1;
				DEVELOPMENT_TEAM = 349HWJV2J8;
				GENERATE_INFOPLIST_FILE = YES;
				INFOPLIST_FILE = DO_SOPT_Seminar_Assignment/Info.plist;
				INFOPLIST_KEY_UIApplicationSupportsIndirectInputEvents = YES;
				INFOPLIST_KEY_UILaunchStoryboardName = LaunchScreen;
				INFOPLIST_KEY_UISupportedInterfaceOrientations_iPad = "UIInterfaceOrientationPortrait UIInterfaceOrientationPortraitUpsideDown UIInterfaceOrientationLandscapeLeft UIInterfaceOrientationLandscapeRight";
				INFOPLIST_KEY_UISupportedInterfaceOrientations_iPhone = "UIInterfaceOrientationPortrait UIInterfaceOrientationLandscapeLeft UIInterfaceOrientationLandscapeRight";
				LD_RUNPATH_SEARCH_PATHS = (
					"$(inherited)",
					"@executable_path/Frameworks",
				);
				MARKETING_VERSION = 1.0;
				PRODUCT_BUNDLE_IDENTIFIER = "com.naver-heejoo-byun.DO-SOPT-Seminar-Assignment";
				PRODUCT_NAME = "$(TARGET_NAME)";
				SWIFT_EMIT_LOC_STRINGS = YES;
				SWIFT_VERSION = 5.0;
				TARGETED_DEVICE_FAMILY = "1,2";
			};
			name = Debug;
		};
		2A9E85EE2ACD679800D22C16 /* Release */ = {
			isa = XCBuildConfiguration;
			buildSettings = {
				ASSETCATALOG_COMPILER_APPICON_NAME = AppIcon;
				ASSETCATALOG_COMPILER_GLOBAL_ACCENT_COLOR_NAME = AccentColor;
				CODE_SIGN_STYLE = Automatic;
				CURRENT_PROJECT_VERSION = 1;
				DEVELOPMENT_TEAM = 349HWJV2J8;
				GENERATE_INFOPLIST_FILE = YES;
				INFOPLIST_FILE = DO_SOPT_Seminar_Assignment/Info.plist;
				INFOPLIST_KEY_UIApplicationSupportsIndirectInputEvents = YES;
				INFOPLIST_KEY_UILaunchStoryboardName = LaunchScreen;
				INFOPLIST_KEY_UISupportedInterfaceOrientations_iPad = "UIInterfaceOrientationPortrait UIInterfaceOrientationPortraitUpsideDown UIInterfaceOrientationLandscapeLeft UIInterfaceOrientationLandscapeRight";
				INFOPLIST_KEY_UISupportedInterfaceOrientations_iPhone = "UIInterfaceOrientationPortrait UIInterfaceOrientationLandscapeLeft UIInterfaceOrientationLandscapeRight";
				LD_RUNPATH_SEARCH_PATHS = (
					"$(inherited)",
					"@executable_path/Frameworks",
				);
				MARKETING_VERSION = 1.0;
				PRODUCT_BUNDLE_IDENTIFIER = "com.naver-heejoo-byun.DO-SOPT-Seminar-Assignment";
				PRODUCT_NAME = "$(TARGET_NAME)";
				SWIFT_EMIT_LOC_STRINGS = YES;
				SWIFT_VERSION = 5.0;
				TARGETED_DEVICE_FAMILY = "1,2";
			};
			name = Release;
		};
/* End XCBuildConfiguration section */

/* Begin XCConfigurationList section */
		2A9E85D32ACD679600D22C16 /* Build configuration list for PBXProject "DO_SOPT_Seminar_Assignment" */ = {
			isa = XCConfigurationList;
			buildConfigurations = (
				2A9E85EA2ACD679800D22C16 /* Debug */,
				2A9E85EB2ACD679800D22C16 /* Release */,
			);
			defaultConfigurationIsVisible = 0;
			defaultConfigurationName = Release;
		};
		2A9E85EC2ACD679800D22C16 /* Build configuration list for PBXNativeTarget "DO_SOPT_Seminar_Assignment" */ = {
			isa = XCConfigurationList;
			buildConfigurations = (
				2A9E85ED2ACD679800D22C16 /* Debug */,
				2A9E85EE2ACD679800D22C16 /* Release */,
			);
			defaultConfigurationIsVisible = 0;
			defaultConfigurationName = Release;
		};
/* End XCConfigurationList section */

/* Begin XCRemoteSwiftPackageReference section */
		2A1D15BD2ADE5F6C00FB5B9F /* XCRemoteSwiftPackageReference "SnapKit" */ = {
			isa = XCRemoteSwiftPackageReference;
			repositoryURL = "https://github.com/SnapKit/SnapKit.git";
			requirement = {
				kind = upToNextMajorVersion;
				minimumVersion = 5.0.0;
			};
		};
		2A1D15C02ADE5F7700FB5B9F /* XCRemoteSwiftPackageReference "Then" */ = {
			isa = XCRemoteSwiftPackageReference;
			repositoryURL = "https://github.com/devxoul/Then.git";
			requirement = {
				kind = upToNextMajorVersion;
				minimumVersion = 3.0.0;
			};
		};
/* End XCRemoteSwiftPackageReference section */

/* Begin XCSwiftPackageProductDependency section */
		2A1D15BE2ADE5F6C00FB5B9F /* SnapKit */ = {
			isa = XCSwiftPackageProductDependency;
			package = 2A1D15BD2ADE5F6C00FB5B9F /* XCRemoteSwiftPackageReference "SnapKit" */;
			productName = SnapKit;
		};
		2A1D15C12ADE5F7700FB5B9F /* Then */ = {
			isa = XCSwiftPackageProductDependency;
			package = 2A1D15C02ADE5F7700FB5B9F /* XCRemoteSwiftPackageReference "Then" */;
			productName = Then;
		};
/* End XCSwiftPackageProductDependency section */
	};
	rootObject = 2A9E85D02ACD679600D22C16 /* Project object */;
}
